// !$*UTF8*$!
{
	archiveVersion = 1;
	classes = {
	};
	objectVersion = 56;
	objects = {

/* Begin PBXBuildFile section */
		B31CED2B29B0C02C000CFFD5 /* ResultView.swift in Sources */ = {isa = PBXBuildFile; fileRef = B31CED2A29B0C02C000CFFD5 /* ResultView.swift */; };
		B35B39B72A1E342D00D91DFF /* libFortranRuntime.a in Frameworks */ = {isa = PBXBuildFile; fileRef = B35B39B62A1E342D00D91DFF /* libFortranRuntime.a */; };
		B38314162A199C3000344F12 /* libFortranDecimal.a in Frameworks */ = {isa = PBXBuildFile; fileRef = B38314142A199C3000344F12 /* libFortranDecimal.a */; };
		B398B2B229AF68CD00B03BF9 /* Spec2017App.swift in Sources */ = {isa = PBXBuildFile; fileRef = B398B2B129AF68CD00B03BF9 /* Spec2017App.swift */; };
		B398B2B429AF68CD00B03BF9 /* ContentView.swift in Sources */ = {isa = PBXBuildFile; fileRef = B398B2B329AF68CD00B03BF9 /* ContentView.swift */; };
		B398B2B629AF68D200B03BF9 /* Assets.xcassets in Resources */ = {isa = PBXBuildFile; fileRef = B398B2B529AF68D200B03BF9 /* Assets.xcassets */; };
		B398B2BA29AF68D200B03BF9 /* Preview Assets.xcassets in Resources */ = {isa = PBXBuildFile; fileRef = B398B2B929AF68D200B03BF9 /* Preview Assets.xcassets */; };
		B3A8D0C829B4C94B00D47FBB /* libc++.tbd in Frameworks */ = {isa = PBXBuildFile; fileRef = B3A8D0C729B4C94A00D47FBB /* libc++.tbd */; };
		B3ACD9032A0E151100B0B017 /* rary.a in Frameworks */ = {isa = PBXBuildFile; fileRef = B3ACD9022A0E151100B0B017 /* rary.a */; };
		B3B205A329BCA71B00EE18E6 /* libc.tbd in Frameworks */ = {isa = PBXBuildFile; fileRef = B3B205A229BCA71B00EE18E6 /* libc.tbd */; };
		B3D8C6E229B1D51200CBC478 /* Input in Resources */ = {isa = PBXBuildFile; fileRef = B3D8C6E129B1D51200CBC478 /* Input */; };
/* End PBXBuildFile section */

/* Begin PBXFileReference section */
		B31CED2A29B0C02C000CFFD5 /* ResultView.swift */ = {isa = PBXFileReference; lastKnownFileType = sourcecode.swift; path = ResultView.swift; sourceTree = "<group>"; };
		B35B39B62A1E342D00D91DFF /* libFortranRuntime.a */ = {isa = PBXFileReference; lastKnownFileType = archive.ar; name = libFortranRuntime.a; path = fortran_lib/libFortranRuntime.a; sourceTree = "<group>"; };
		B38314142A199C3000344F12 /* libFortranDecimal.a */ = {isa = PBXFileReference; lastKnownFileType = archive.ar; name = libFortranDecimal.a; path = fortran_lib/libFortranDecimal.a; sourceTree = "<group>"; };
		B398B2AE29AF68CD00B03BF9 /* Spec2017.app */ = {isa = PBXFileReference; explicitFileType = wrapper.application; includeInIndex = 0; path = Spec2017.app; sourceTree = BUILT_PRODUCTS_DIR; };
		B398B2B129AF68CD00B03BF9 /* Spec2017App.swift */ = {isa = PBXFileReference; lastKnownFileType = sourcecode.swift; path = Spec2017App.swift; sourceTree = "<group>"; };
		B398B2B329AF68CD00B03BF9 /* ContentView.swift */ = {isa = PBXFileReference; lastKnownFileType = sourcecode.swift; path = ContentView.swift; sourceTree = "<group>"; };
		B398B2B529AF68D200B03BF9 /* Assets.xcassets */ = {isa = PBXFileReference; lastKnownFileType = folder.assetcatalog; path = Assets.xcassets; sourceTree = "<group>"; };
		B398B2B729AF68D200B03BF9 /* Spec2017.entitlements */ = {isa = PBXFileReference; lastKnownFileType = text.plist.entitlements; path = Spec2017.entitlements; sourceTree = "<group>"; };
		B398B2B929AF68D200B03BF9 /* Preview Assets.xcassets */ = {isa = PBXFileReference; lastKnownFileType = folder.assetcatalog; path = "Preview Assets.xcassets"; sourceTree = "<group>"; };
		B3A2B64529B1F2C900378B32 /* Spec2017-Bridging-Header.h */ = {isa = PBXFileReference; lastKnownFileType = sourcecode.c.h; path = "Spec2017-Bridging-Header.h"; sourceTree = "<group>"; };
		B3A8D0C729B4C94A00D47FBB /* libc++.tbd */ = {isa = PBXFileReference; lastKnownFileType = "sourcecode.text-based-dylib-definition"; name = "libc++.tbd"; path = "Platforms/iPhoneOS.platform/Developer/SDKs/iPhoneOS16.2.sdk/usr/lib/libc++.tbd"; sourceTree = DEVELOPER_DIR; };
		B3ACD9022A0E151100B0B017 /* rary.a */ = {isa = PBXFileReference; lastKnownFileType = archive.ar; name = rary.a; path = specbin/rary.a; sourceTree = "<group>"; };
		B3ACD9052A0E20E800B0B017 /* specbin */ = {isa = PBXFileReference; lastKnownFileType = folder; path = specbin; sourceTree = "<group>"; };
		B3B205A229BCA71B00EE18E6 /* libc.tbd */ = {isa = PBXFileReference; lastKnownFileType = "sourcecode.text-based-dylib-definition"; name = libc.tbd; path = Platforms/iPhoneOS.platform/Developer/SDKs/iPhoneOS16.2.sdk/usr/lib/libc.tbd; sourceTree = DEVELOPER_DIR; };
		B3D8C6E129B1D51200CBC478 /* Input */ = {isa = PBXFileReference; lastKnownFileType = folder; path = Input; sourceTree = "<group>"; };
/* End PBXFileReference section */

/* Begin PBXFrameworksBuildPhase section */
		B398B2AB29AF68CD00B03BF9 /* Frameworks */ = {
			isa = PBXFrameworksBuildPhase;
			buildActionMask = 2147483647;
			files = (
				B3B205A329BCA71B00EE18E6 /* libc.tbd in Frameworks */,
				B3A8D0C829B4C94B00D47FBB /* libc++.tbd in Frameworks */,
				B35B39B72A1E342D00D91DFF /* libFortranRuntime.a in Frameworks */,
				B38314162A199C3000344F12 /* libFortranDecimal.a in Frameworks */,
				B3ACD9032A0E151100B0B017 /* rary.a in Frameworks */,
			);
			runOnlyForDeploymentPostprocessing = 0;
		};
/* End PBXFrameworksBuildPhase section */

/* Begin PBXGroup section */
		B398B2A529AF68CD00B03BF9 = {
			isa = PBXGroup;
			children = (
				B3ACD9052A0E20E800B0B017 /* specbin */,
				B398B2B029AF68CD00B03BF9 /* Spec2017 */,
				B398B2AF29AF68CD00B03BF9 /* Products */,
				B3ACF4AB29B1F5740051C636 /* Frameworks */,
			);
			sourceTree = "<group>";
		};
		B398B2AF29AF68CD00B03BF9 /* Products */ = {
			isa = PBXGroup;
			children = (
				B398B2AE29AF68CD00B03BF9 /* Spec2017.app */,
			);
			name = Products;
			sourceTree = "<group>";
		};
		B398B2B029AF68CD00B03BF9 /* Spec2017 */ = {
			isa = PBXGroup;
			children = (
				B3D8C6E129B1D51200CBC478 /* Input */,
				B398B2B129AF68CD00B03BF9 /* Spec2017App.swift */,
				B398B2B329AF68CD00B03BF9 /* ContentView.swift */,
				B398B2B529AF68D200B03BF9 /* Assets.xcassets */,
				B398B2B729AF68D200B03BF9 /* Spec2017.entitlements */,
				B398B2B829AF68D200B03BF9 /* Preview Content */,
				B31CED2A29B0C02C000CFFD5 /* ResultView.swift */,
				B3A2B64529B1F2C900378B32 /* Spec2017-Bridging-Header.h */,
			);
			path = Spec2017;
			sourceTree = "<group>";
		};
		B398B2B829AF68D200B03BF9 /* Preview Content */ = {
			isa = PBXGroup;
			children = (
				B398B2B929AF68D200B03BF9 /* Preview Assets.xcassets */,
			);
			path = "Preview Content";
			sourceTree = "<group>";
		};
		B3ACF4AB29B1F5740051C636 /* Frameworks */ = {
			isa = PBXGroup;
			children = (
				B35B39B62A1E342D00D91DFF /* libFortranRuntime.a */,
				B38314142A199C3000344F12 /* libFortranDecimal.a */,
				B3ACD9022A0E151100B0B017 /* rary.a */,
				B3B205A229BCA71B00EE18E6 /* libc.tbd */,
				B3A8D0C729B4C94A00D47FBB /* libc++.tbd */,
			);
			name = Frameworks;
			sourceTree = "<group>";
		};
/* End PBXGroup section */

/* Begin PBXNativeTarget section */
		B398B2AD29AF68CD00B03BF9 /* Spec2017 */ = {
			isa = PBXNativeTarget;
			buildConfigurationList = B398B2BD29AF68D200B03BF9 /* Build configuration list for PBXNativeTarget "Spec2017" */;
			buildPhases = (
				B3ACD9042A0E169400B0B017 /* ShellScript */,
				B398B2AA29AF68CD00B03BF9 /* Sources */,
				B398B2AB29AF68CD00B03BF9 /* Frameworks */,
				B398B2AC29AF68CD00B03BF9 /* Resources */,
			);
			buildRules = (
			);
			dependencies = (
			);
			name = Spec2017;
			productName = Spec2017;
			productReference = B398B2AE29AF68CD00B03BF9 /* Spec2017.app */;
			productType = "com.apple.product-type.application";
		};
/* End PBXNativeTarget section */

/* Begin PBXProject section */
		B398B2A629AF68CD00B03BF9 /* Project object */ = {
			isa = PBXProject;
			attributes = {
				BuildIndependentTargetsInParallel = 1;
				LastSwiftUpdateCheck = 1420;
				LastUpgradeCheck = 1420;
				TargetAttributes = {
					B398B2AD29AF68CD00B03BF9 = {
						CreatedOnToolsVersion = 14.2;
						LastSwiftMigration = 1420;
					};
				};
			};
			buildConfigurationList = B398B2A929AF68CD00B03BF9 /* Build configuration list for PBXProject "Spec2017" */;
			compatibilityVersion = "Xcode 14.0";
			developmentRegion = en;
			hasScannedForEncodings = 0;
			knownRegions = (
				en,
				Base,
			);
			mainGroup = B398B2A529AF68CD00B03BF9;
			productRefGroup = B398B2AF29AF68CD00B03BF9 /* Products */;
			projectDirPath = "";
			projectRoot = "";
			targets = (
				B398B2AD29AF68CD00B03BF9 /* Spec2017 */,
			);
		};
/* End PBXProject section */

/* Begin PBXResourcesBuildPhase section */
		B398B2AC29AF68CD00B03BF9 /* Resources */ = {
			isa = PBXResourcesBuildPhase;
			buildActionMask = 2147483647;
			files = (
				B3D8C6E229B1D51200CBC478 /* Input in Resources */,
				B398B2BA29AF68D200B03BF9 /* Preview Assets.xcassets in Resources */,
				B398B2B629AF68D200B03BF9 /* Assets.xcassets in Resources */,
			);
			runOnlyForDeploymentPostprocessing = 0;
		};
/* End PBXResourcesBuildPhase section */

/* Begin PBXShellScriptBuildPhase section */
		B3ACD9042A0E169400B0B017 /* ShellScript */ = {
			isa = PBXShellScriptBuildPhase;
			alwaysOutOfDate = 1;
			buildActionMask = 2147483647;
			files = (
			);
			inputFileListPaths = (
			);
			inputPaths = (
			);
			outputFileListPaths = (
			);
			outputPaths = (
			);
			runOnlyForDeploymentPostprocessing = 0;
			shellPath = /bin/bash;
			shellScript = "cd ${SRCROOT}/specbin && make build\n";
		};
/* End PBXShellScriptBuildPhase section */

/* Begin PBXSourcesBuildPhase section */
		B398B2AA29AF68CD00B03BF9 /* Sources */ = {
			isa = PBXSourcesBuildPhase;
			buildActionMask = 2147483647;
			files = (
				B398B2B429AF68CD00B03BF9 /* ContentView.swift in Sources */,
				B398B2B229AF68CD00B03BF9 /* Spec2017App.swift in Sources */,
				B31CED2B29B0C02C000CFFD5 /* ResultView.swift in Sources */,
			);
			runOnlyForDeploymentPostprocessing = 0;
		};
/* End PBXSourcesBuildPhase section */

/* Begin XCBuildConfiguration section */
		B398B2BB29AF68D200B03BF9 /* Debug */ = {
			isa = XCBuildConfiguration;
			buildSettings = {
				ALWAYS_SEARCH_USER_PATHS = NO;
				CLANG_ANALYZER_NONNULL = YES;
				CLANG_ANALYZER_NUMBER_OBJECT_CONVERSION = YES_AGGRESSIVE;
				CLANG_CXX_LANGUAGE_STANDARD = "gnu++20";
				CLANG_ENABLE_MODULES = YES;
				CLANG_ENABLE_OBJC_ARC = YES;
				CLANG_ENABLE_OBJC_WEAK = YES;
				CLANG_WARN_BLOCK_CAPTURE_AUTORELEASING = YES;
				CLANG_WARN_BOOL_CONVERSION = YES;
				CLANG_WARN_COMMA = YES;
				CLANG_WARN_CONSTANT_CONVERSION = YES;
				CLANG_WARN_DEPRECATED_OBJC_IMPLEMENTATIONS = YES;
				CLANG_WARN_DIRECT_OBJC_ISA_USAGE = YES_ERROR;
				CLANG_WARN_DOCUMENTATION_COMMENTS = YES;
				CLANG_WARN_EMPTY_BODY = YES;
				CLANG_WARN_ENUM_CONVERSION = YES;
				CLANG_WARN_INFINITE_RECURSION = YES;
				CLANG_WARN_INT_CONVERSION = YES;
				CLANG_WARN_NON_LITERAL_NULL_CONVERSION = YES;
				CLANG_WARN_OBJC_IMPLICIT_RETAIN_SELF = YES;
				CLANG_WARN_OBJC_LITERAL_CONVERSION = YES;
				CLANG_WARN_OBJC_ROOT_CLASS = YES_ERROR;
				CLANG_WARN_QUOTED_INCLUDE_IN_FRAMEWORK_HEADER = YES;
				CLANG_WARN_RANGE_LOOP_ANALYSIS = YES;
				CLANG_WARN_STRICT_PROTOTYPES = YES;
				CLANG_WARN_SUSPICIOUS_MOVE = YES;
				CLANG_WARN_UNGUARDED_AVAILABILITY = YES_AGGRESSIVE;
				CLANG_WARN_UNREACHABLE_CODE = YES;
				CLANG_WARN__DUPLICATE_METHOD_MATCH = YES;
				COPY_PHASE_STRIP = NO;
				DEBUG_INFORMATION_FORMAT = dwarf;
				ENABLE_STRICT_OBJC_MSGSEND = YES;
				ENABLE_TESTABILITY = YES;
				GCC_C_LANGUAGE_STANDARD = gnu11;
				GCC_DYNAMIC_NO_PIC = NO;
				GCC_NO_COMMON_BLOCKS = YES;
				GCC_OPTIMIZATION_LEVEL = 0;
				GCC_PREPROCESSOR_DEFINITIONS = (
					"DEBUG=1",
					"$(inherited)",
				);
				GCC_WARN_64_TO_32_BIT_CONVERSION = YES;
				GCC_WARN_ABOUT_RETURN_TYPE = YES_ERROR;
				GCC_WARN_UNDECLARED_SELECTOR = YES;
				GCC_WARN_UNINITIALIZED_AUTOS = YES_AGGRESSIVE;
				GCC_WARN_UNUSED_FUNCTION = YES;
				GCC_WARN_UNUSED_VARIABLE = YES;
				MTL_ENABLE_DEBUG_INFO = INCLUDE_SOURCE;
				MTL_FAST_MATH = YES;
				ONLY_ACTIVE_ARCH = YES;
				SWIFT_ACTIVE_COMPILATION_CONDITIONS = DEBUG;
				SWIFT_OPTIMIZATION_LEVEL = "-Onone";
			};
			name = Debug;
		};
		B398B2BC29AF68D200B03BF9 /* Release */ = {
			isa = XCBuildConfiguration;
			buildSettings = {
				ALWAYS_SEARCH_USER_PATHS = NO;
				CLANG_ANALYZER_NONNULL = YES;
				CLANG_ANALYZER_NUMBER_OBJECT_CONVERSION = YES_AGGRESSIVE;
				CLANG_CXX_LANGUAGE_STANDARD = "gnu++20";
				CLANG_ENABLE_MODULES = YES;
				CLANG_ENABLE_OBJC_ARC = YES;
				CLANG_ENABLE_OBJC_WEAK = YES;
				CLANG_WARN_BLOCK_CAPTURE_AUTORELEASING = YES;
				CLANG_WARN_BOOL_CONVERSION = YES;
				CLANG_WARN_COMMA = YES;
				CLANG_WARN_CONSTANT_CONVERSION = YES;
				CLANG_WARN_DEPRECATED_OBJC_IMPLEMENTATIONS = YES;
				CLANG_WARN_DIRECT_OBJC_ISA_USAGE = YES_ERROR;
				CLANG_WARN_DOCUMENTATION_COMMENTS = YES;
				CLANG_WARN_EMPTY_BODY = YES;
				CLANG_WARN_ENUM_CONVERSION = YES;
				CLANG_WARN_INFINITE_RECURSION = YES;
				CLANG_WARN_INT_CONVERSION = YES;
				CLANG_WARN_NON_LITERAL_NULL_CONVERSION = YES;
				CLANG_WARN_OBJC_IMPLICIT_RETAIN_SELF = YES;
				CLANG_WARN_OBJC_LITERAL_CONVERSION = YES;
				CLANG_WARN_OBJC_ROOT_CLASS = YES_ERROR;
				CLANG_WARN_QUOTED_INCLUDE_IN_FRAMEWORK_HEADER = YES;
				CLANG_WARN_RANGE_LOOP_ANALYSIS = YES;
				CLANG_WARN_STRICT_PROTOTYPES = YES;
				CLANG_WARN_SUSPICIOUS_MOVE = YES;
				CLANG_WARN_UNGUARDED_AVAILABILITY = YES_AGGRESSIVE;
				CLANG_WARN_UNREACHABLE_CODE = YES;
				CLANG_WARN__DUPLICATE_METHOD_MATCH = YES;
				COPY_PHASE_STRIP = NO;
				DEBUG_INFORMATION_FORMAT = "dwarf-with-dsym";
				ENABLE_NS_ASSERTIONS = NO;
				ENABLE_STRICT_OBJC_MSGSEND = YES;
				GCC_C_LANGUAGE_STANDARD = gnu11;
				GCC_NO_COMMON_BLOCKS = YES;
				GCC_WARN_64_TO_32_BIT_CONVERSION = YES;
				GCC_WARN_ABOUT_RETURN_TYPE = YES_ERROR;
				GCC_WARN_UNDECLARED_SELECTOR = YES;
				GCC_WARN_UNINITIALIZED_AUTOS = YES_AGGRESSIVE;
				GCC_WARN_UNUSED_FUNCTION = YES;
				GCC_WARN_UNUSED_VARIABLE = YES;
				MTL_ENABLE_DEBUG_INFO = NO;
				MTL_FAST_MATH = YES;
				SWIFT_COMPILATION_MODE = wholemodule;
				SWIFT_OPTIMIZATION_LEVEL = "-O";
			};
			name = Release;
		};
		B398B2BE29AF68D200B03BF9 /* Debug */ = {
			isa = XCBuildConfiguration;
			buildSettings = {
				ASSETCATALOG_COMPILER_APPICON_NAME = AppIcon;
				ASSETCATALOG_COMPILER_GLOBAL_ACCENT_COLOR_NAME = AccentColor;
				CLANG_ENABLE_MODULES = YES;
				CODE_SIGN_ENTITLEMENTS = Spec2017/Spec2017.entitlements;
				"CODE_SIGN_IDENTITY[sdk=macosx*]" = "Apple Development";
				CODE_SIGN_STYLE = Automatic;
				CURRENT_PROJECT_VERSION = 1;
				DEVELOPMENT_ASSET_PATHS = "\"Spec2017/Preview Content\"";
				DEVELOPMENT_TEAM = 6HY5M2KM5P;
				ENABLE_HARDENED_RUNTIME = YES;
				ENABLE_PREVIEWS = YES;
				GENERATE_INFOPLIST_FILE = YES;
				"INFOPLIST_KEY_UIApplicationSceneManifest_Generation[sdk=iphoneos*]" = YES;
				"INFOPLIST_KEY_UIApplicationSceneManifest_Generation[sdk=iphonesimulator*]" = YES;
				"INFOPLIST_KEY_UIApplicationSupportsIndirectInputEvents[sdk=iphoneos*]" = YES;
				"INFOPLIST_KEY_UIApplicationSupportsIndirectInputEvents[sdk=iphonesimulator*]" = YES;
				"INFOPLIST_KEY_UILaunchScreen_Generation[sdk=iphoneos*]" = YES;
				"INFOPLIST_KEY_UILaunchScreen_Generation[sdk=iphonesimulator*]" = YES;
				"INFOPLIST_KEY_UIStatusBarStyle[sdk=iphoneos*]" = UIStatusBarStyleDefault;
				"INFOPLIST_KEY_UIStatusBarStyle[sdk=iphonesimulator*]" = UIStatusBarStyleDefault;
				INFOPLIST_KEY_UISupportedInterfaceOrientations_iPad = "UIInterfaceOrientationPortrait UIInterfaceOrientationPortraitUpsideDown UIInterfaceOrientationLandscapeLeft UIInterfaceOrientationLandscapeRight";
				INFOPLIST_KEY_UISupportedInterfaceOrientations_iPhone = "UIInterfaceOrientationPortrait UIInterfaceOrientationLandscapeLeft UIInterfaceOrientationLandscapeRight";
				IPHONEOS_DEPLOYMENT_TARGET = 16.0;
				LD_RUNPATH_SEARCH_PATHS = "@executable_path/Frameworks";
				"LD_RUNPATH_SEARCH_PATHS[sdk=macosx*]" = "@executable_path/../Frameworks";
				LIBRARY_SEARCH_PATHS = (
					"$(inherited)",
					"$(PROJECT_DIR)/specbin",
					"$(PROJECT_DIR)/fortran_lib",
				);
				MACOSX_DEPLOYMENT_TARGET = 12.6;
				MARKETING_VERSION = 1.0;
				PRODUCT_BUNDLE_IDENTIFIER = junjie1475.Spec2017.com;
				PRODUCT_NAME = "$(TARGET_NAME)";
				SDKROOT = auto;
				SUPPORTED_PLATFORMS = "iphoneos iphonesimulator macosx";
				SWIFT_EMIT_LOC_STRINGS = YES;
				SWIFT_OBJC_BRIDGING_HEADER = "Spec2017/Spec2017-Bridging-Header.h";
				SWIFT_OPTIMIZATION_LEVEL = "-Onone";
				SWIFT_VERSION = 5.0;
				TARGETED_DEVICE_FAMILY = "1,2";
			};
			name = Debug;
		};
		B398B2BF29AF68D200B03BF9 /* Release */ = {
			isa = XCBuildConfiguration;
			buildSettings = {
				ASSETCATALOG_COMPILER_APPICON_NAME = AppIcon;
				ASSETCATALOG_COMPILER_GLOBAL_ACCENT_COLOR_NAME = AccentColor;
				CLANG_ENABLE_MODULES = YES;
				CODE_SIGN_ENTITLEMENTS = Spec2017/Spec2017.entitlements;
				"CODE_SIGN_IDENTITY[sdk=macosx*]" = "Apple Development";
				CODE_SIGN_STYLE = Automatic;
				CURRENT_PROJECT_VERSION = 1;
				DEVELOPMENT_ASSET_PATHS = "\"Spec2017/Preview Content\"";
				DEVELOPMENT_TEAM = 6HY5M2KM5P;
				ENABLE_HARDENED_RUNTIME = YES;
				ENABLE_PREVIEWS = YES;
				GENERATE_INFOPLIST_FILE = YES;
				"INFOPLIST_KEY_UIApplicationSceneManifest_Generation[sdk=iphoneos*]" = YES;
				"INFOPLIST_KEY_UIApplicationSceneManifest_Generation[sdk=iphonesimulator*]" = YES;
				"INFOPLIST_KEY_UIApplicationSupportsIndirectInputEvents[sdk=iphoneos*]" = YES;
				"INFOPLIST_KEY_UIApplicationSupportsIndirectInputEvents[sdk=iphonesimulator*]" = YES;
				"INFOPLIST_KEY_UILaunchScreen_Generation[sdk=iphoneos*]" = YES;
				"INFOPLIST_KEY_UILaunchScreen_Generation[sdk=iphonesimulator*]" = YES;
				"INFOPLIST_KEY_UIStatusBarStyle[sdk=iphoneos*]" = UIStatusBarStyleDefault;
				"INFOPLIST_KEY_UIStatusBarStyle[sdk=iphonesimulator*]" = UIStatusBarStyleDefault;
				INFOPLIST_KEY_UISupportedInterfaceOrientations_iPad = "UIInterfaceOrientationPortrait UIInterfaceOrientationPortraitUpsideDown UIInterfaceOrientationLandscapeLeft UIInterfaceOrientationLandscapeRight";
				INFOPLIST_KEY_UISupportedInterfaceOrientations_iPhone = "UIInterfaceOrientationPortrait UIInterfaceOrientationLandscapeLeft UIInterfaceOrientationLandscapeRight";
				IPHONEOS_DEPLOYMENT_TARGET = 16.0;
				LD_RUNPATH_SEARCH_PATHS = "@executable_path/Frameworks";
				"LD_RUNPATH_SEARCH_PATHS[sdk=macosx*]" = "@executable_path/../Frameworks";
				LIBRARY_SEARCH_PATHS = (
					"$(inherited)",
					"$(PROJECT_DIR)/specbin",
					"$(PROJECT_DIR)/fortran_lib",
				);
				MACOSX_DEPLOYMENT_TARGET = 12.6;
				MARKETING_VERSION = 1.0;
				PRODUCT_BUNDLE_IDENTIFIER = junjie1475.Spec2017.com;
				PRODUCT_NAME = "$(TARGET_NAME)";
				SDKROOT = auto;
				SUPPORTED_PLATFORMS = "iphoneos iphonesimulator macosx";
				SWIFT_EMIT_LOC_STRINGS = YES;
				SWIFT_OBJC_BRIDGING_HEADER = "Spec2017/Spec2017-Bridging-Header.h";
				SWIFT_OPTIMIZATION_LEVEL = "-Onone";
				SWIFT_VERSION = 5.0;
				TARGETED_DEVICE_FAMILY = "1,2";
			};
			name = Release;
		};
/* End XCBuildConfiguration section */

/* Begin XCConfigurationList section */
		B398B2A929AF68CD00B03BF9 /* Build configuration list for PBXProject "Spec2017" */ = {
			isa = XCConfigurationList;
			buildConfigurations = (
				B398B2BB29AF68D200B03BF9 /* Debug */,
				B398B2BC29AF68D200B03BF9 /* Release */,
			);
			defaultConfigurationIsVisible = 0;
			defaultConfigurationName = Release;
		};
		B398B2BD29AF68D200B03BF9 /* Build configuration list for PBXNativeTarget "Spec2017" */ = {
			isa = XCConfigurationList;
			buildConfigurations = (
				B398B2BE29AF68D200B03BF9 /* Debug */,
				B398B2BF29AF68D200B03BF9 /* Release */,
			);
			defaultConfigurationIsVisible = 0;
			defaultConfigurationName = Release;
		};
/* End XCConfigurationList section */
	};
	rootObject = B398B2A629AF68CD00B03BF9 /* Project object */;
}
